
Microsoft Visual Studio Solution File, Format Version 12.00
# Visual Studio Version 17
VisualStudioVersion = 17.3.32929.385
MinimumVisualStudioVersion = 10.0.40219.1
Project("{9A19103F-16F7-4668-BE54-9A1E7A4F7556}") = "Example_BlazorFirstApp_01", "BlazorFirstApp\Example_BlazorFirstApp_01.csproj", "{C9D06B02-B145-41AB-9516-B10CFF853F4C}"
EndProject
Global
	GlobalSection(SolutionConfigurationPlatforms) = preSolution
		Debug|Any CPU = Debug|Any CPU
		Release|Any CPU = Release|Any CPU
	EndGlobalSection
	GlobalSection(ProjectConfigurationPlatforms) = postSolution
		{C9D06B02-B145-41AB-9516-B10CFF853F4C}.Debug|Any CPU.ActiveCfg = Debug|Any CPU
		{C9D06B02-B145-41AB-9516-B10CFF853F4C}.Debug|Any CPU.Build.0 = Debug|Any CPU
		{C9D06B02-B145-41AB-9516-B10CFF853F4C}.Release|Any CPU.ActiveCfg = Release|Any CPU
		{C9D06B02-B145-41AB-9516-B10CFF853F4C}.Release|Any CPU.Build.0 = Release|Any CPU
	EndGlobalSection
	GlobalSection(SolutionProperties) = preSolution
		HideSolutionNode = FALSE
	EndGlobalSection
	GlobalSection(ExtensibilityGlobals) = postSolution
		SolutionGuid = {208C5CEA-E066-4CAB-A647-CEF681D73B00}
	EndGlobalSection
EndGlobal
